// !$*UTF8*$!
{
	archiveVersion = 1;
	classes = {
	};
	objectVersion = 55;
	objects = {

/* Begin PBXBuildFile section */
		8496CE5D277CF90E0000C4DF /* AppDelegate.swift in Sources */ = {isa = PBXBuildFile; fileRef = 8496CE5C277CF90E0000C4DF /* AppDelegate.swift */; };
		8496CE5F277CF90E0000C4DF /* SceneDelegate.swift in Sources */ = {isa = PBXBuildFile; fileRef = 8496CE5E277CF90E0000C4DF /* SceneDelegate.swift */; };
		8496CE64277CF90E0000C4DF /* Main.storyboard in Resources */ = {isa = PBXBuildFile; fileRef = 8496CE62277CF90E0000C4DF /* Main.storyboard */; };
		8496CE67277CF90E0000C4DF /* SportApp.xcdatamodeld in Sources */ = {isa = PBXBuildFile; fileRef = 8496CE65277CF90E0000C4DF /* SportApp.xcdatamodeld */; };
		8496CE69277CF90F0000C4DF /* Assets.xcassets in Resources */ = {isa = PBXBuildFile; fileRef = 8496CE68277CF90F0000C4DF /* Assets.xcassets */; };
		8496CE6C277CF90F0000C4DF /* LaunchScreen.storyboard in Resources */ = {isa = PBXBuildFile; fileRef = 8496CE6A277CF90F0000C4DF /* LaunchScreen.storyboard */; };
		8496CE74277CF93D0000C4DF /* SportViewController.swift in Sources */ = {isa = PBXBuildFile; fileRef = 8496CE73277CF93D0000C4DF /* SportViewController.swift */; };
		8496CE79277D763A0000C4DF /* SportEntity+CoreDataClass.swift in Sources */ = {isa = PBXBuildFile; fileRef = 8496CE75277D763A0000C4DF /* SportEntity+CoreDataClass.swift */; };
		8496CE7A277D763A0000C4DF /* SportEntity+CoreDataProperties.swift in Sources */ = {isa = PBXBuildFile; fileRef = 8496CE76277D763A0000C4DF /* SportEntity+CoreDataProperties.swift */; };
		8496CE7B277D763A0000C4DF /* PlayerEntity+CoreDataClass.swift in Sources */ = {isa = PBXBuildFile; fileRef = 8496CE77277D763A0000C4DF /* PlayerEntity+CoreDataClass.swift */; };
		8496CE7C277D763A0000C4DF /* PlayerEntity+CoreDataProperties.swift in Sources */ = {isa = PBXBuildFile; fileRef = 8496CE78277D763A0000C4DF /* PlayerEntity+CoreDataProperties.swift */; };
		8496CE7E277D76640000C4DF /* SportTableViewCell.swift in Sources */ = {isa = PBXBuildFile; fileRef = 8496CE7D277D76640000C4DF /* SportTableViewCell.swift */; };
		8496CE80277D77400000C4DF /* PlayerViewController.swift in Sources */ = {isa = PBXBuildFile; fileRef = 8496CE7F277D77400000C4DF /* PlayerViewController.swift */; };
		8496CE82277D7A150000C4DF /* PlayerTableViewCell.swift in Sources */ = {isa = PBXBuildFile; fileRef = 8496CE81277D7A150000C4DF /* PlayerTableViewCell.swift */; };
/* End PBXBuildFile section */

/* Begin PBXFileReference section */
		8496CE59277CF90E0000C4DF /* SportApp.app */ = {isa = PBXFileReference; explicitFileType = wrapper.application; includeInIndex = 0; path = SportApp.app; sourceTree = BUILT_PRODUCTS_DIR; };
		8496CE5C277CF90E0000C4DF /* AppDelegate.swift */ = {isa = PBXFileReference; lastKnownFileType = sourcecode.swift; path = AppDelegate.swift; sourceTree = "<group>"; };
		8496CE5E277CF90E0000C4DF /* SceneDelegate.swift */ = {isa = PBXFileReference; lastKnownFileType = sourcecode.swift; path = SceneDelegate.swift; sourceTree = "<group>"; };
		8496CE63277CF90E0000C4DF /* Base */ = {isa = PBXFileReference; lastKnownFileType = file.storyboard; name = Base; path = Base.lproj/Main.storyboard; sourceTree = "<group>"; };
		8496CE66277CF90E0000C4DF /* SportApp.xcdatamodel */ = {isa = PBXFileReference; lastKnownFileType = wrapper.xcdatamodel; path = SportApp.xcdatamodel; sourceTree = "<group>"; };
		8496CE68277CF90F0000C4DF /* Assets.xcassets */ = {isa = PBXFileReference; lastKnownFileType = folder.assetcatalog; path = Assets.xcassets; sourceTree = "<group>"; };
		8496CE6B277CF90F0000C4DF /* Base */ = {isa = PBXFileReference; lastKnownFileType = file.storyboard; name = Base; path = Base.lproj/LaunchScreen.storyboard; sourceTree = "<group>"; };
		8496CE6D277CF90F0000C4DF /* Info.plist */ = {isa = PBXFileReference; lastKnownFileType = text.plist.xml; path = Info.plist; sourceTree = "<group>"; };
		8496CE73277CF93D0000C4DF /* SportViewController.swift */ = {isa = PBXFileReference; lastKnownFileType = sourcecode.swift; path = SportViewController.swift; sourceTree = "<group>"; };
		8496CE75277D763A0000C4DF /* SportEntity+CoreDataClass.swift */ = {isa = PBXFileReference; lastKnownFileType = sourcecode.swift; path = "SportEntity+CoreDataClass.swift"; sourceTree = "<group>"; };
		8496CE76277D763A0000C4DF /* SportEntity+CoreDataProperties.swift */ = {isa = PBXFileReference; lastKnownFileType = sourcecode.swift; path = "SportEntity+CoreDataProperties.swift"; sourceTree = "<group>"; };
		8496CE77277D763A0000C4DF /* PlayerEntity+CoreDataClass.swift */ = {isa = PBXFileReference; lastKnownFileType = sourcecode.swift; path = "PlayerEntity+CoreDataClass.swift"; sourceTree = "<group>"; };
		8496CE78277D763A0000C4DF /* PlayerEntity+CoreDataProperties.swift */ = {isa = PBXFileReference; lastKnownFileType = sourcecode.swift; path = "PlayerEntity+CoreDataProperties.swift"; sourceTree = "<group>"; };
		8496CE7D277D76640000C4DF /* SportTableViewCell.swift */ = {isa = PBXFileReference; lastKnownFileType = sourcecode.swift; path = SportTableViewCell.swift; sourceTree = "<group>"; };
		8496CE7F277D77400000C4DF /* PlayerViewController.swift */ = {isa = PBXFileReference; lastKnownFileType = sourcecode.swift; path = PlayerViewController.swift; sourceTree = "<group>"; };
		8496CE81277D7A150000C4DF /* PlayerTableViewCell.swift */ = {isa = PBXFileReference; lastKnownFileType = sourcecode.swift; path = PlayerTableViewCell.swift; sourceTree = "<group>"; };
/* End PBXFileReference section */

/* Begin PBXFrameworksBuildPhase section */
		8496CE56277CF90E0000C4DF /* Frameworks */ = {
			isa = PBXFrameworksBuildPhase;
			buildActionMask = 2147483647;
			files = (
			);
			runOnlyForDeploymentPostprocessing = 0;
		};
/* End PBXFrameworksBuildPhase section */

/* Begin PBXGroup section */
		8496CE50277CF90E0000C4DF = {
			isa = PBXGroup;
			children = (
				8496CE75277D763A0000C4DF /* SportEntity+CoreDataClass.swift */,
				8496CE76277D763A0000C4DF /* SportEntity+CoreDataProperties.swift */,
				8496CE77277D763A0000C4DF /* PlayerEntity+CoreDataClass.swift */,
				8496CE78277D763A0000C4DF /* PlayerEntity+CoreDataProperties.swift */,
				8496CE5B277CF90E0000C4DF /* SportApp */,
				8496CE5A277CF90E0000C4DF /* Products */,
			);
			sourceTree = "<group>";
		};
		8496CE5A277CF90E0000C4DF /* Products */ = {
			isa = PBXGroup;
			children = (
				8496CE59277CF90E0000C4DF /* SportApp.app */,
			);
			name = Products;
			sourceTree = "<group>";
		};
		8496CE5B277CF90E0000C4DF /* SportApp */ = {
			isa = PBXGroup;
			children = (
				8496CE5C277CF90E0000C4DF /* AppDelegate.swift */,
				8496CE5E277CF90E0000C4DF /* SceneDelegate.swift */,
				8496CE62277CF90E0000C4DF /* Main.storyboard */,
				8496CE73277CF93D0000C4DF /* SportViewController.swift */,
				8496CE7F277D77400000C4DF /* PlayerViewController.swift */,
				8496CE81277D7A150000C4DF /* PlayerTableViewCell.swift */,
				8496CE7D277D76640000C4DF /* SportTableViewCell.swift */,
				8496CE68277CF90F0000C4DF /* Assets.xcassets */,
				8496CE6A277CF90F0000C4DF /* LaunchScreen.storyboard */,
				8496CE6D277CF90F0000C4DF /* Info.plist */,
				8496CE65277CF90E0000C4DF /* SportApp.xcdatamodeld */,
			);
			path = SportApp;
			sourceTree = "<group>";
		};
/* End PBXGroup section */

/* Begin PBXNativeTarget section */
		8496CE58277CF90E0000C4DF /* SportApp */ = {
			isa = PBXNativeTarget;
			buildConfigurationList = 8496CE70277CF90F0000C4DF /* Build configuration list for PBXNativeTarget "SportApp" */;
			buildPhases = (
				8496CE55277CF90E0000C4DF /* Sources */,
				8496CE56277CF90E0000C4DF /* Frameworks */,
				8496CE57277CF90E0000C4DF /* Resources */,
			);
			buildRules = (
			);
			dependencies = (
			);
			name = SportApp;
			productName = SportApp;
			productReference = 8496CE59277CF90E0000C4DF /* SportApp.app */;
			productType = "com.apple.product-type.application";
		};
/* End PBXNativeTarget section */

/* Begin PBXProject section */
		8496CE51277CF90E0000C4DF /* Project object */ = {
			isa = PBXProject;
			attributes = {
				BuildIndependentTargetsInParallel = 1;
				LastSwiftUpdateCheck = 1310;
				LastUpgradeCheck = 1310;
				TargetAttributes = {
					8496CE58277CF90E0000C4DF = {
						CreatedOnToolsVersion = 13.1;
					};
				};
			};
			buildConfigurationList = 8496CE54277CF90E0000C4DF /* Build configuration list for PBXProject "SportApp" */;
			compatibilityVersion = "Xcode 13.0";
			developmentRegion = en;
			hasScannedForEncodings = 0;
			knownRegions = (
				en,
				Base,
			);
			mainGroup = 8496CE50277CF90E0000C4DF;
			productRefGroup = 8496CE5A277CF90E0000C4DF /* Products */;
			projectDirPath = "";
			projectRoot = "";
			targets = (
				8496CE58277CF90E0000C4DF /* SportApp */,
			);
		};
/* End PBXProject section */

/* Begin PBXResourcesBuildPhase section */
		8496CE57277CF90E0000C4DF /* Resources */ = {
			isa = PBXResourcesBuildPhase;
			buildActionMask = 2147483647;
			files = (
				8496CE6C277CF90F0000C4DF /* LaunchScreen.storyboard in Resources */,
				8496CE69277CF90F0000C4DF /* Assets.xcassets in Resources */,
				8496CE64277CF90E0000C4DF /* Main.storyboard in Resources */,
			);
			runOnlyForDeploymentPostprocessing = 0;
		};
/* End PBXResourcesBuildPhase section */

/* Begin PBXSourcesBuildPhase section */
		8496CE55277CF90E0000C4DF /* Sources */ = {
			isa = PBXSourcesBuildPhase;
			buildActionMask = 2147483647;
			files = (
				8496CE7B277D763A0000C4DF /* PlayerEntity+CoreDataClass.swift in Sources */,
				8496CE79277D763A0000C4DF /* SportEntity+CoreDataClass.swift in Sources */,
				8496CE5D277CF90E0000C4DF /* AppDelegate.swift in Sources */,
				8496CE7E277D76640000C4DF /* SportTableViewCell.swift in Sources */,
				8496CE67277CF90E0000C4DF /* SportApp.xcdatamodeld in Sources */,
				8496CE5F277CF90E0000C4DF /* SceneDelegate.swift in Sources */,
				8496CE7C277D763A0000C4DF /* PlayerEntity+CoreDataProperties.swift in Sources */,
				8496CE82277D7A150000C4DF /* PlayerTableViewCell.swift in Sources */,
				8496CE74277CF93D0000C4DF /* SportViewController.swift in Sources */,
				8496CE7A277D763A0000C4DF /* SportEntity+CoreDataProperties.swift in Sources */,
				8496CE80277D77400000C4DF /* PlayerViewController.swift in Sources */,
			);
			runOnlyForDeploymentPostprocessing = 0;
		};
/* End PBXSourcesBuildPhase section */

/* Begin PBXVariantGroup section */
		8496CE62277CF90E0000C4DF /* Main.storyboard */ = {
			isa = PBXVariantGroup;
			children = (
				8496CE63277CF90E0000C4DF /* Base */,
			);
			name = Main.storyboard;
			sourceTree = "<group>";
		};
		8496CE6A277CF90F0000C4DF /* LaunchScreen.storyboard */ = {
			isa = PBXVariantGroup;
			children = (
				8496CE6B277CF90F0000C4DF /* Base */,
			);
			name = LaunchScreen.storyboard;
			sourceTree = "<group>";
		};
/* End PBXVariantGroup section */

/* Begin XCBuildConfiguration section */
		8496CE6E277CF90F0000C4DF /* Debug */ = {
			isa = XCBuildConfiguration;
			buildSettings = {
				ALWAYS_SEARCH_USER_PATHS = NO;
				CLANG_ANALYZER_NONNULL = YES;
				CLANG_ANALYZER_NUMBER_OBJECT_CONVERSION = YES_AGGRESSIVE;
				CLANG_CXX_LANGUAGE_STANDARD = "gnu++17";
				CLANG_CXX_LIBRARY = "libc++";
				CLANG_ENABLE_MODULES = YES;
				CLANG_ENABLE_OBJC_ARC = YES;
				CLANG_ENABLE_OBJC_WEAK = YES;
				CLANG_WARN_BLOCK_CAPTURE_AUTORELEASING = YES;
				CLANG_WARN_BOOL_CONVERSION = YES;
				CLANG_WARN_COMMA = YES;
				CLANG_WARN_CONSTANT_CONVERSION = YES;
				CLANG_WARN_DEPRECATED_OBJC_IMPLEMENTATIONS = YES;
				CLANG_WARN_DIRECT_OBJC_ISA_USAGE = YES_ERROR;
				CLANG_WARN_DOCUMENTATION_COMMENTS = YES;
				CLANG_WARN_EMPTY_BODY = YES;
				CLANG_WARN_ENUM_CONVERSION = YES;
				CLANG_WARN_INFINITE_RECURSION = YES;
				CLANG_WARN_INT_CONVERSION = YES;
				CLANG_WARN_NON_LITERAL_NULL_CONVERSION = YES;
				CLANG_WARN_OBJC_IMPLICIT_RETAIN_SELF = YES;
				CLANG_WARN_OBJC_LITERAL_CONVERSION = YES;
				CLANG_WARN_OBJC_ROOT_CLASS = YES_ERROR;
				CLANG_WARN_QUOTED_INCLUDE_IN_FRAMEWORK_HEADER = YES;
				CLANG_WARN_RANGE_LOOP_ANALYSIS = YES;
				CLANG_WARN_STRICT_PROTOTYPES = YES;
				CLANG_WARN_SUSPICIOUS_MOVE = YES;
				CLANG_WARN_UNGUARDED_AVAILABILITY = YES_AGGRESSIVE;
				CLANG_WARN_UNREACHABLE_CODE = YES;
				CLANG_WARN__DUPLICATE_METHOD_MATCH = YES;
				COPY_PHASE_STRIP = NO;
				DEBUG_INFORMATION_FORMAT = dwarf;
				ENABLE_STRICT_OBJC_MSGSEND = YES;
				ENABLE_TESTABILITY = YES;
				GCC_C_LANGUAGE_STANDARD = gnu11;
				GCC_DYNAMIC_NO_PIC = NO;
				GCC_NO_COMMON_BLOCKS = YES;
				GCC_OPTIMIZATION_LEVEL = 0;
				GCC_PREPROCESSOR_DEFINITIONS = (
					"DEBUG=1",
					"$(inherited)",
				);
				GCC_WARN_64_TO_32_BIT_CONVERSION = YES;
				GCC_WARN_ABOUT_RETURN_TYPE = YES_ERROR;
				GCC_WARN_UNDECLARED_SELECTOR = YES;
				GCC_WARN_UNINITIALIZED_AUTOS = YES_AGGRESSIVE;
				GCC_WARN_UNUSED_FUNCTION = YES;
				GCC_WARN_UNUSED_VARIABLE = YES;
				IPHONEOS_DEPLOYMENT_TARGET = 15.0;
				MTL_ENABLE_DEBUG_INFO = INCLUDE_SOURCE;
				MTL_FAST_MATH = YES;
				ONLY_ACTIVE_ARCH = YES;
				SDKROOT = iphoneos;
				SWIFT_ACTIVE_COMPILATION_CONDITIONS = DEBUG;
				SWIFT_OPTIMIZATION_LEVEL = "-Onone";
			};
			name = Debug;
		};
		8496CE6F277CF90F0000C4DF /* Release */ = {
			isa = XCBuildConfiguration;
			buildSettings = {
				ALWAYS_SEARCH_USER_PATHS = NO;
				CLANG_ANALYZER_NONNULL = YES;
				CLANG_ANALYZER_NUMBER_OBJECT_CONVERSION = YES_AGGRESSIVE;
				CLANG_CXX_LANGUAGE_STANDARD = "gnu++17";
				CLANG_CXX_LIBRARY = "libc++";
				CLANG_ENABLE_MODULES = YES;
				CLANG_ENABLE_OBJC_ARC = YES;
				CLANG_ENABLE_OBJC_WEAK = YES;
				CLANG_WARN_BLOCK_CAPTURE_AUTORELEASING = YES;
				CLANG_WARN_BOOL_CONVERSION = YES;
				CLANG_WARN_COMMA = YES;
				CLANG_WARN_CONSTANT_CONVERSION = YES;
				CLANG_WARN_DEPRECATED_OBJC_IMPLEMENTATIONS = YES;
				CLANG_WARN_DIRECT_OBJC_ISA_USAGE = YES_ERROR;
				CLANG_WARN_DOCUMENTATION_COMMENTS = YES;
				CLANG_WARN_EMPTY_BODY = YES;
				CLANG_WARN_ENUM_CONVERSION = YES;
				CLANG_WARN_INFINITE_RECURSION = YES;
				CLANG_WARN_INT_CONVERSION = YES;
				CLANG_WARN_NON_LITERAL_NULL_CONVERSION = YES;
				CLANG_WARN_OBJC_IMPLICIT_RETAIN_SELF = YES;
				CLANG_WARN_OBJC_LITERAL_CONVERSION = YES;
				CLANG_WARN_OBJC_ROOT_CLASS = YES_ERROR;
				CLANG_WARN_QUOTED_INCLUDE_IN_FRAMEWORK_HEADER = YES;
				CLANG_WARN_RANGE_LOOP_ANALYSIS = YES;
				CLANG_WARN_STRICT_PROTOTYPES = YES;
				CLANG_WARN_SUSPICIOUS_MOVE = YES;
				CLANG_WARN_UNGUARDED_AVAILABILITY = YES_AGGRESSIVE;
				CLANG_WARN_UNREACHABLE_CODE = YES;
				CLANG_WARN__DUPLICATE_METHOD_MATCH = YES;
				COPY_PHASE_STRIP = NO;
				DEBUG_INFORMATION_FORMAT = "dwarf-with-dsym";
				ENABLE_NS_ASSERTIONS = NO;
				ENABLE_STRICT_OBJC_MSGSEND = YES;
				GCC_C_LANGUAGE_STANDARD = gnu11;
				GCC_NO_COMMON_BLOCKS = YES;
				GCC_WARN_64_TO_32_BIT_CONVERSION = YES;
				GCC_WARN_ABOUT_RETURN_TYPE = YES_ERROR;
				GCC_WARN_UNDECLARED_SELECTOR = YES;
				GCC_WARN_UNINITIALIZED_AUTOS = YES_AGGRESSIVE;
				GCC_WARN_UNUSED_FUNCTION = YES;
				GCC_WARN_UNUSED_VARIABLE = YES;
				IPHONEOS_DEPLOYMENT_TARGET = 15.0;
				MTL_ENABLE_DEBUG_INFO = NO;
				MTL_FAST_MATH = YES;
				SDKROOT = iphoneos;
				SWIFT_COMPILATION_MODE = wholemodule;
				SWIFT_OPTIMIZATION_LEVEL = "-O";
				VALIDATE_PRODUCT = YES;
			};
			name = Release;
		};
		8496CE71277CF90F0000C4DF /* Debug */ = {
			isa = XCBuildConfiguration;
			buildSettings = {
				ASSETCATALOG_COMPILER_APPICON_NAME = AppIcon;
				ASSETCATALOG_COMPILER_GLOBAL_ACCENT_COLOR_NAME = AccentColor;
				CODE_SIGN_STYLE = Automatic;
				CURRENT_PROJECT_VERSION = 1;
				GENERATE_INFOPLIST_FILE = YES;
				INFOPLIST_FILE = SportApp/Info.plist;
				INFOPLIST_KEY_UIApplicationSupportsIndirectInputEvents = YES;
				INFOPLIST_KEY_UILaunchStoryboardName = LaunchScreen;
				INFOPLIST_KEY_UIMainStoryboardFile = Main;
				INFOPLIST_KEY_UISupportedInterfaceOrientations = "UIInterfaceOrientationLandscapeRight UIInterfaceOrientationLandscapeLeft UIInterfaceOrientationPortrait";
				INFOPLIST_KEY_UISupportedInterfaceOrientations_iPad = "UIInterfaceOrientationPortrait UIInterfaceOrientationPortraitUpsideDown UIInterfaceOrientationLandscapeLeft UIInterfaceOrientationLandscapeRight";
				INFOPLIST_KEY_UISupportedInterfaceOrientations_iPhone = "UIInterfaceOrientationPortrait UIInterfaceOrientationLandscapeLeft UIInterfaceOrientationLandscapeRight";
				IPHONEOS_DEPLOYMENT_TARGET = 13.0;
				LD_RUNPATH_SEARCH_PATHS = (
					"$(inherited)",
					"@executable_path/Frameworks",
				);
				MARKETING_VERSION = 1.0;
				PRODUCT_BUNDLE_IDENTIFIER = com.mjd.SportApp;
				PRODUCT_NAME = "$(TARGET_NAME)";
				SWIFT_EMIT_LOC_STRINGS = YES;
				SWIFT_VERSION = 5.0;
				TARGETED_DEVICE_FAMILY = "1,2";
			};
			name = Debug;
		};
		8496CE72277CF90F0000C4DF /* Release */ = {
			isa = XCBuildConfiguration;
			buildSettings = {
				ASSETCATALOG_COMPILER_APPICON_NAME = AppIcon;
				ASSETCATALOG_COMPILER_GLOBAL_ACCENT_COLOR_NAME = AccentColor;
				CODE_SIGN_STYLE = Automatic;
				CURRENT_PROJECT_VERSION = 1;
				GENERATE_INFOPLIST_FILE = YES;
				INFOPLIST_FILE = SportApp/Info.plist;
				INFOPLIST_KEY_UIApplicationSupportsIndirectInputEvents = YES;
				INFOPLIST_KEY_UILaunchStoryboardName = LaunchScreen;
				INFOPLIST_KEY_UIMainStoryboardFile = Main;
				INFOPLIST_KEY_UISupportedInterfaceOrientations = "UIInterfaceOrientationLandscapeRight UIInterfaceOrientationLandscapeLeft UIInterfaceOrientationPortrait";
				INFOPLIST_KEY_UISupportedInterfaceOrientations_iPad = "UIInterfaceOrientationPortrait UIInterfaceOrientationPortraitUpsideDown UIInterfaceOrientationLandscapeLeft UIInterfaceOrientationLandscapeRight";
				INFOPLIST_KEY_UISupportedInterfaceOrientations_iPhone = "UIInterfaceOrientationPortrait UIInterfaceOrientationLandscapeLeft UIInterfaceOrientationLandscapeRight";
				IPHONEOS_DEPLOYMENT_TARGET = 13.0;
				LD_RUNPATH_SEARCH_PATHS = (
					"$(inherited)",
					"@executable_path/Frameworks",
				);
				MARKETING_VERSION = 1.0;
				PRODUCT_BUNDLE_IDENTIFIER = com.mjd.SportApp;
				PRODUCT_NAME = "$(TARGET_NAME)";
				SWIFT_EMIT_LOC_STRINGS = YES;
				SWIFT_VERSION = 5.0;
				TARGETED_DEVICE_FAMILY = "1,2";
			};
			name = Release;
		};
/* End XCBuildConfiguration section */

/* Begin XCConfigurationList section */
		8496CE54277CF90E0000C4DF /* Build configuration list for PBXProject "SportApp" */ = {
			isa = XCConfigurationList;
			buildConfigurations = (
				8496CE6E277CF90F0000C4DF /* Debug */,
				8496CE6F277CF90F0000C4DF /* Release */,
			);
			defaultConfigurationIsVisible = 0;
			defaultConfigurationName = Release;
		};
		8496CE70277CF90F0000C4DF /* Build configuration list for PBXNativeTarget "SportApp" */ = {
			isa = XCConfigurationList;
			buildConfigurations = (
				8496CE71277CF90F0000C4DF /* Debug */,
				8496CE72277CF90F0000C4DF /* Release */,
			);
			defaultConfigurationIsVisible = 0;
			defaultConfigurationName = Release;
		};
/* End XCConfigurationList section */

/* Begin XCVersionGroup section */
		8496CE65277CF90E0000C4DF /* SportApp.xcdatamodeld */ = {
			isa = XCVersionGroup;
			children = (
				8496CE66277CF90E0000C4DF /* SportApp.xcdatamodel */,
			);
			currentVersion = 8496CE66277CF90E0000C4DF /* SportApp.xcdatamodel */;
			path = SportApp.xcdatamodeld;
			sourceTree = "<group>";
			versionGroupType = wrapper.xcdatamodel;
		};
/* End XCVersionGroup section */
	};
	rootObject = 8496CE51277CF90E0000C4DF /* Project object */;
}
